
Microsoft Visual Studio Solution File, Format Version 12.00
# Visual Studio Version 16
VisualStudioVersion = 25.0.1703.7
MinimumVisualStudioVersion = 10.0.40219.1
Project("{FAE04EC0-301F-11D3-BF4B-00C04F79EFBC}") = "DisplayRoutes", "Collections\DisplayRoutes.csproj", "{53301A23-C071-48D3-8F1A-974C56733013}"
EndProject
Project("{FAE04EC0-301F-11D3-BF4B-00C04F79EFBC}") = "Queue", "Collections\Queue\Queue.csproj", "{5874BDEA-8ABA-473C-A396-849898D6F00B}"
EndProject
Global
	GlobalSection(SolutionConfigurationPlatforms) = preSolution
		Debug|Any CPU = Debug|Any CPU
		Release|Any CPU = Release|Any CPU
	EndGlobalSection
	GlobalSection(ProjectConfigurationPlatforms) = postSolution
		{53301A23-C071-48D3-8F1A-974C56733013}.Debug|Any CPU.ActiveCfg = Debug|Any CPU
		{53301A23-C071-48D3-8F1A-974C56733013}.Debug|Any CPU.Build.0 = Debug|Any CPU
		{53301A23-C071-48D3-8F1A-974C56733013}.Release|Any CPU.ActiveCfg = Release|Any CPU
		{53301A23-C071-48D3-8F1A-974C56733013}.Release|Any CPU.Build.0 = Release|Any CPU
		{5874BDEA-8ABA-473C-A396-849898D6F00B}.Debug|Any CPU.ActiveCfg = Debug|Any CPU
		{5874BDEA-8ABA-473C-A396-849898D6F00B}.Debug|Any CPU.Build.0 = Debug|Any CPU
		{5874BDEA-8ABA-473C-A396-849898D6F00B}.Release|Any CPU.ActiveCfg = Release|Any CPU
		{5874BDEA-8ABA-473C-A396-849898D6F00B}.Release|Any CPU.Build.0 = Release|Any CPU
	EndGlobalSection
	GlobalSection(SolutionProperties) = preSolution
		HideSolutionNode = FALSE
	EndGlobalSection
	GlobalSection(ExtensibilityGlobals) = postSolution
		SolutionGuid = {E62A1B50-A9E0-4E7E-9D48-9CC8FF2DBC51}
	EndGlobalSection
EndGlobal
