
Microsoft Visual Studio Solution File, Format Version 12.00
# Visual Studio Version 16
VisualStudioVersion = 25.0.1703.8
MinimumVisualStudioVersion = 10.0.40219.1
Project("{FAE04EC0-301F-11D3-BF4B-00C04F79EFBC}") = "LINQ", "LINQ\LINQ.csproj", "{191A137F-2589-4B20-88DB-3EFE2D05B89B}"
EndProject
Project("{FAE04EC0-301F-11D3-BF4B-00C04F79EFBC}") = "Module5", "Module5\Module5.csproj", "{099DBF6E-DB00-41F9-828F-77260B0433EA}"
EndProject
Global
	GlobalSection(SolutionConfigurationPlatforms) = preSolution
		Debug|Any CPU = Debug|Any CPU
		Release|Any CPU = Release|Any CPU
	EndGlobalSection
	GlobalSection(ProjectConfigurationPlatforms) = postSolution
		{191A137F-2589-4B20-88DB-3EFE2D05B89B}.Debug|Any CPU.ActiveCfg = Debug|Any CPU
		{191A137F-2589-4B20-88DB-3EFE2D05B89B}.Debug|Any CPU.Build.0 = Debug|Any CPU
		{191A137F-2589-4B20-88DB-3EFE2D05B89B}.Release|Any CPU.ActiveCfg = Release|Any CPU
		{191A137F-2589-4B20-88DB-3EFE2D05B89B}.Release|Any CPU.Build.0 = Release|Any CPU
		{099DBF6E-DB00-41F9-828F-77260B0433EA}.Debug|Any CPU.ActiveCfg = Debug|Any CPU
		{099DBF6E-DB00-41F9-828F-77260B0433EA}.Debug|Any CPU.Build.0 = Debug|Any CPU
		{099DBF6E-DB00-41F9-828F-77260B0433EA}.Release|Any CPU.ActiveCfg = Release|Any CPU
		{099DBF6E-DB00-41F9-828F-77260B0433EA}.Release|Any CPU.Build.0 = Release|Any CPU
	EndGlobalSection
	GlobalSection(SolutionProperties) = preSolution
		HideSolutionNode = FALSE
	EndGlobalSection
	GlobalSection(ExtensibilityGlobals) = postSolution
		SolutionGuid = {57D3D0D4-65DD-4B7A-9BD9-3C3A3FB9D883}
	EndGlobalSection
EndGlobal
